{
  "name": "beam-box-tools",
  "lockfileVersion": 3,
  "requires": true,
  "packages": {
    "": {
      "name": "beam-box-tools",
      "dependencies": {
        "@xterm/addon-fit": "0.11.0",
        "@xterm/xterm": "6.0.0",
        "v86": "0.5.462"
      }
    },
    "node_modules/@xterm/addon-fit": {
      "version": "0.11.0",
      "resolved": "https://registry.npmjs.org/@xterm/addon-fit/-/addon-fit-0.11.0.tgz",
      "integrity": "sha512-jYcgT6xtVYhnhgxh3QgYDnnNMYTcf8ElbxxFzX0IZo+vabQqSPAjC3c1wJrKB5E19VwQei89QCiZZP86DCPF7g==",
      "license": "MIT"
    },
    "node_modules/@xterm/xterm": {
      "version": "6.0.0",
      "resolved": "https://registry.npmjs.org/@xterm/xterm/-/xterm-6.0.0.tgz",
      "integrity": "sha512-TQwDdQGtwwDt+2cgKDLn0IRaSxYu1tSUjgKarSDkUM0ZNiSRXFpjxEsvc/Zgc5kq5omJ+V0a8/kIM2WD3sMOYg==",
      "license": "MIT",
      "workspaces": [
        "addons/*"
      ]
    },
    "node_modules/v86": {
      "version": "0.5.462",
      "resolved": "https://registry.npmjs.org/v86/-/v86-0.5.462.tgz",
      "integrity": "sha512-aKPX7DdzqAKFRv2omDkqSju0uEzlOxzo+II82J5UT7+tZNsboA6kyaNq9NKAnxvo9hzpJ8dQj7vcvcz0J7I2QA==",
      "license": "BSD-2-Clause"
    }
  }
}
